
Microsoft Visual Studio Solution File, Format Version 12.00
# Visual Studio Version 17
VisualStudioVersion = 17.4.33213.308
MinimumVisualStudioVersion = 10.0.40219.1
Project("{FAE04EC0-301F-11D3-BF4B-00C04F79EFBC}") = "Application", "Application.csproj", "{2DDA6F0D-9D7E-476E-9175-D4DE53B2E8C9}"
EndProject
Project("{FAE04EC0-301F-11D3-BF4B-00C04F79EFBC}") = "YoloPackage", "..\YoloPackage\YoloPackage.csproj", "{5AB18BCD-DED0-4D9E-B0E8-7486A22214FB}"
EndProject
Global
	GlobalSection(SolutionConfigurationPlatforms) = preSolution
		Debug|Any CPU = Debug|Any CPU
		Release|Any CPU = Release|Any CPU
	EndGlobalSection
	GlobalSection(ProjectConfigurationPlatforms) = postSolution
		{2DDA6F0D-9D7E-476E-9175-D4DE53B2E8C9}.Debug|Any CPU.ActiveCfg = Debug|Any CPU
		{2DDA6F0D-9D7E-476E-9175-D4DE53B2E8C9}.Debug|Any CPU.Build.0 = Debug|Any CPU
		{2DDA6F0D-9D7E-476E-9175-D4DE53B2E8C9}.Release|Any CPU.ActiveCfg = Release|Any CPU
		{2DDA6F0D-9D7E-476E-9175-D4DE53B2E8C9}.Release|Any CPU.Build.0 = Release|Any CPU
		{5AB18BCD-DED0-4D9E-B0E8-7486A22214FB}.Debug|Any CPU.ActiveCfg = Debug|Any CPU
		{5AB18BCD-DED0-4D9E-B0E8-7486A22214FB}.Debug|Any CPU.Build.0 = Debug|Any CPU
		{5AB18BCD-DED0-4D9E-B0E8-7486A22214FB}.Release|Any CPU.ActiveCfg = Release|Any CPU
		{5AB18BCD-DED0-4D9E-B0E8-7486A22214FB}.Release|Any CPU.Build.0 = Release|Any CPU
	EndGlobalSection
	GlobalSection(SolutionProperties) = preSolution
		HideSolutionNode = FALSE
	EndGlobalSection
	GlobalSection(ExtensibilityGlobals) = postSolution
		SolutionGuid = {76864EF5-7C9E-4801-AF89-E197927EAE1D}
	EndGlobalSection
EndGlobal
