
Microsoft Visual Studio Solution File, Format Version 12.00
# Visual Studio Version 17
VisualStudioVersion = 17.5.002.0
MinimumVisualStudioVersion = 10.0.40219.1
Project("{9A19103F-16F7-4668-BE54-9A1E7A4F7556}") = "mainApp", "mainApp\mainApp.csproj", "{ABE58BD9-AA27-4E71-8B7C-D32C37559F1B}"
EndProject
Project("{9A19103F-16F7-4668-BE54-9A1E7A4F7556}") = "YoloNet7", "YoloNet7\YoloNet7.csproj", "{60A37C76-1D25-42E1-A713-E1FFDAA6CC00}"
EndProject
Global
	GlobalSection(SolutionConfigurationPlatforms) = preSolution
		Debug|Any CPU = Debug|Any CPU
		Release|Any CPU = Release|Any CPU
	EndGlobalSection
	GlobalSection(ProjectConfigurationPlatforms) = postSolution
		{ABE58BD9-AA27-4E71-8B7C-D32C37559F1B}.Debug|Any CPU.ActiveCfg = Debug|Any CPU
		{ABE58BD9-AA27-4E71-8B7C-D32C37559F1B}.Debug|Any CPU.Build.0 = Debug|Any CPU
		{ABE58BD9-AA27-4E71-8B7C-D32C37559F1B}.Release|Any CPU.ActiveCfg = Release|Any CPU
		{ABE58BD9-AA27-4E71-8B7C-D32C37559F1B}.Release|Any CPU.Build.0 = Release|Any CPU
		{60A37C76-1D25-42E1-A713-E1FFDAA6CC00}.Debug|Any CPU.ActiveCfg = Debug|Any CPU
		{60A37C76-1D25-42E1-A713-E1FFDAA6CC00}.Debug|Any CPU.Build.0 = Debug|Any CPU
		{60A37C76-1D25-42E1-A713-E1FFDAA6CC00}.Release|Any CPU.ActiveCfg = Release|Any CPU
		{60A37C76-1D25-42E1-A713-E1FFDAA6CC00}.Release|Any CPU.Build.0 = Release|Any CPU
	EndGlobalSection
	GlobalSection(SolutionProperties) = preSolution
		HideSolutionNode = FALSE
	EndGlobalSection
	GlobalSection(ExtensibilityGlobals) = postSolution
		SolutionGuid = {027573E0-905C-4248-A98C-0F4AC304877D}
	EndGlobalSection
EndGlobal
